{
  "nodes": {
    "nixpkgs": {
      "locked": {
        "lastModified": 1784906867,
        "narHash": "sha256-be3YbilyyDi52nFYgRz3mGFGMKyYDGWkjnTidI9GhKU=",
        "owner": "mayflower",
        "repo": "nixpkgs",
        "rev": "cd21fa49735c8044257febeffa6a015b63069662",
        "type": "github"
      },
      "original": {
        "owner": "mayflower",
        "ref": "mf-next",
        "repo": "nixpkgs",
        "type": "github"
      }
    },
    "root": {
      "inputs": {
        "nixpkgs": "nixpkgs"
      }
    }
  },
  "root": "root",
  "version": 7
}
