{
  "nodes": {
    "nixpkgs": {
      "locked": {
        "lastModified": 1707342129,
        "narHash": "sha256-uQId2rTt7hV+ZZeW0sbaQWxnq3cn/5uVUzD5NHQme8I=",
        "owner": "mayflower",
        "repo": "nixpkgs",
        "rev": "1eed263b9f4f0b7ae37f58d3ce2d0f9dc1240f7b",
        "type": "github"
      },
      "original": {
        "owner": "mayflower",
        "ref": "mf-stable",
        "repo": "nixpkgs",
        "type": "github"
      }
    },
    "root": {
      "inputs": {
        "nixpkgs": "nixpkgs"
      }
    }
  },
  "root": "root",
  "version": 7
}
